
Microsoft Visual Studio Solution File, Format Version 12.00
# Visual Studio 15
VisualStudioVersion = 15.0.27130.2036
MinimumVisualStudioVersion = 10.0.40219.1
Project("{FAE04EC0-301F-11D3-BF4B-00C04F79EFBC}") = "VMUV TCP CSharp", "VMUV TCP CSharp\VMUV TCP CSharp.csproj", "{9E623C9A-5072-41BB-819A-7C1BA442E4A5}"
EndProject
Project("{FAE04EC0-301F-11D3-BF4B-00C04F79EFBC}") = "VMUV TCP CSharp Tests", "VMUV TCP CSharp Tests\VMUV TCP CSharp Tests.csproj", "{4161A7F5-FB70-41FC-BCC3-0094C84EF32D}"
EndProject
Project("{FAE04EC0-301F-11D3-BF4B-00C04F79EFBC}") = "Comms Protocol CSharp", "..\..\CommsProtocol\Comms Protocol CSharp\Comms Protocol CSharp\Comms Protocol CSharp.csproj", "{00F7359A-0CC6-4B03-A098-522E2EEA97DB}"
EndProject
Global
	GlobalSection(SolutionConfigurationPlatforms) = preSolution
		Debug|Any CPU = Debug|Any CPU
		Release|Any CPU = Release|Any CPU
	EndGlobalSection
	GlobalSection(ProjectConfigurationPlatforms) = postSolution
		{9E623C9A-5072-41BB-819A-7C1BA442E4A5}.Debug|Any CPU.ActiveCfg = Debug|Any CPU
		{9E623C9A-5072-41BB-819A-7C1BA442E4A5}.Debug|Any CPU.Build.0 = Debug|Any CPU
		{9E623C9A-5072-41BB-819A-7C1BA442E4A5}.Release|Any CPU.ActiveCfg = Release|Any CPU
		{9E623C9A-5072-41BB-819A-7C1BA442E4A5}.Release|Any CPU.Build.0 = Release|Any CPU
		{4161A7F5-FB70-41FC-BCC3-0094C84EF32D}.Debug|Any CPU.ActiveCfg = Debug|Any CPU
		{4161A7F5-FB70-41FC-BCC3-0094C84EF32D}.Debug|Any CPU.Build.0 = Debug|Any CPU
		{4161A7F5-FB70-41FC-BCC3-0094C84EF32D}.Release|Any CPU.ActiveCfg = Release|Any CPU
		{4161A7F5-FB70-41FC-BCC3-0094C84EF32D}.Release|Any CPU.Build.0 = Release|Any CPU
		{00F7359A-0CC6-4B03-A098-522E2EEA97DB}.Debug|Any CPU.ActiveCfg = Debug|Any CPU
		{00F7359A-0CC6-4B03-A098-522E2EEA97DB}.Debug|Any CPU.Build.0 = Debug|Any CPU
		{00F7359A-0CC6-4B03-A098-522E2EEA97DB}.Release|Any CPU.ActiveCfg = Release|Any CPU
		{00F7359A-0CC6-4B03-A098-522E2EEA97DB}.Release|Any CPU.Build.0 = Release|Any CPU
	EndGlobalSection
	GlobalSection(SolutionProperties) = preSolution
		HideSolutionNode = FALSE
	EndGlobalSection
	GlobalSection(ExtensibilityGlobals) = postSolution
		SolutionGuid = {C9C8B454-EE44-4B57-983D-64A9BF5CFD01}
	EndGlobalSection
EndGlobal
